
Microsoft Visual Studio Solution File, Format Version 12.00
# Visual Studio Version 17
VisualStudioVersion = 17.0.31912.275
MinimumVisualStudioVersion = 10.0.40219.1
Project("{9A19103F-16F7-4668-BE54-9A1E7A4F7556}") = "NarwhalTest.Application", "NarwhalTest.Application\NarwhalTest.Application.csproj", "{766D2294-8900-462F-9034-0E4562286274}"
EndProject
Project("{2150E333-8FDC-42A3-9474-1A3956D46DE8}") = "Src", "Src", "{FDDF7524-B988-41B3-BED6-BCF324FC4900}"
EndProject
Project("{2150E333-8FDC-42A3-9474-1A3956D46DE8}") = "Core", "Core", "{89F81A38-D2FE-4028-A83D-CFB60BF5EFEE}"
EndProject
Project("{2150E333-8FDC-42A3-9474-1A3956D46DE8}") = "Packages", "Packages", "{ABC3E82B-C9DB-43B3-B8B8-C42F573A4340}"
EndProject
Project("{9A19103F-16F7-4668-BE54-9A1E7A4F7556}") = "NarwhalService.Client", "NarwhalService.Client\NarwhalService.Client.csproj", "{DB737A58-DF9B-4D6B-964B-FE284BABAEC2}"
EndProject
Project("{2150E333-8FDC-42A3-9474-1A3956D46DE8}") = "FrontApp", "FrontApp", "{69D7D75D-6168-4D72-B814-585CA8DE3B51}"
EndProject
Project("{9A19103F-16F7-4668-BE54-9A1E7A4F7556}") = "test", "test\test.csproj", "{ACEE2F87-2751-4DF8-9B35-0DA7B83F62A0}"
EndProject
Project("{9A19103F-16F7-4668-BE54-9A1E7A4F7556}") = "NarwhalTest.Domain", "NarwhalTest.Domain\NarwhalTest.Domain.csproj", "{D3E482F8-7DC8-4424-8B53-7B4973D6D614}"
EndProject
Project("{2150E333-8FDC-42A3-9474-1A3956D46DE8}") = "Infrastructure", "Infrastructure", "{B281EFA1-7764-4FA9-8CC8-BBEA8887D94F}"
EndProject
Project("{9A19103F-16F7-4668-BE54-9A1E7A4F7556}") = "NarwhalTest.Persistence", "NarwhalTest.Persistence\NarwhalTest.Persistence.csproj", "{0DFF5EEA-F171-4F7B-8CFE-6469A67D98EB}"
EndProject
Project("{2150E333-8FDC-42A3-9474-1A3956D46DE8}") = "Tests", "Tests", "{3C758B5E-F0D6-4E4B-A2A5-22A3BDE3065D}"
EndProject
Project("{2150E333-8FDC-42A3-9474-1A3956D46DE8}") = "Infrastructure", "Infrastructure", "{0240DA40-EA98-476E-A6EF-1FF6428E70B9}"
EndProject
Project("{9A19103F-16F7-4668-BE54-9A1E7A4F7556}") = "NarwhalTest.Persistence.Tests", "NarwhalTest.Persistence.Tests\NarwhalTest.Persistence.Tests.csproj", "{B33D86FE-5BA1-427B-84D6-618F1B780EB2}"
EndProject
Project("{2150E333-8FDC-42A3-9474-1A3956D46DE8}") = "Core", "Core", "{5BCE4F55-7D90-4ECA-88C1-94AEA450A81B}"
EndProject
Project("{9A19103F-16F7-4668-BE54-9A1E7A4F7556}") = "NarwhalTest.Application.Tests", "NarwhalTest.Application.Tests\NarwhalTest.Application.Tests.csproj", "{C0B0B16D-EEDC-495B-B4DF-82D63637FBBF}"
EndProject
Project("{9A19103F-16F7-4668-BE54-9A1E7A4F7556}") = "NarwhalTest.Extensions.IEnumerable", "NarwhalTest.Extensions.IEnumerable\NarwhalTest.Extensions.IEnumerable.csproj", "{4556ECCC-F764-456F-884C-0907BEAFB7D8}"
EndProject
Project("{2150E333-8FDC-42A3-9474-1A3956D46DE8}") = "Extensions", "Extensions", "{8BC7EF61-6886-43AE-8546-45610FBACCC9}"
EndProject
Project("{2150E333-8FDC-42A3-9474-1A3956D46DE8}") = "IEnumerable", "IEnumerable", "{5AB0907F-ABEF-4005-BA54-47F5D724E5B2}"
EndProject
Project("{9A19103F-16F7-4668-BE54-9A1E7A4F7556}") = "NarwhalTest.Extensions.IEnumerable.Tests", "NarwhalTest.Extensions.IEnumerable.Tests\NarwhalTest.Extensions.IEnumerable.Tests.csproj", "{057DBEA8-2B39-4F27-8327-CE07FFCDAA0C}"
EndProject
Project("{9A19103F-16F7-4668-BE54-9A1E7A4F7556}") = "NarwhalTest.Domain.Tests", "NarwhalTest.Domain.Tests\NarwhalTest.Domain.Tests.csproj", "{B24094AB-6933-4827-BD83-33A71A295B02}"
EndProject
Project("{2150E333-8FDC-42A3-9474-1A3956D46DE8}") = "Number", "Number", "{2ACE0560-B033-44B8-9061-EF4DE4AA2D56}"
EndProject
Project("{FAE04EC0-301F-11D3-BF4B-00C04F79EFBC}") = "NarwhalTest.Extensions.Number", "NarwhalTest.Extensions.Number\NarwhalTest.Extensions.Number.csproj", "{1B3E9988-E8CE-45C4-AD67-927B5B48C540}"
EndProject
Project("{FAE04EC0-301F-11D3-BF4B-00C04F79EFBC}") = "NarwhalTest.Extensions.Number.Tests", "NarwhalTest.Extensions.Number.Tests\NarwhalTest.Extensions.Number.Tests.csproj", "{487EF034-E84B-43A4-9E9B-F10779C94396}"
EndProject
Global
	GlobalSection(SolutionConfigurationPlatforms) = preSolution
		Debug|Any CPU = Debug|Any CPU
		Release|Any CPU = Release|Any CPU
	EndGlobalSection
	GlobalSection(ProjectConfigurationPlatforms) = postSolution
		{766D2294-8900-462F-9034-0E4562286274}.Debug|Any CPU.ActiveCfg = Debug|Any CPU
		{766D2294-8900-462F-9034-0E4562286274}.Debug|Any CPU.Build.0 = Debug|Any CPU
		{766D2294-8900-462F-9034-0E4562286274}.Release|Any CPU.ActiveCfg = Release|Any CPU
		{766D2294-8900-462F-9034-0E4562286274}.Release|Any CPU.Build.0 = Release|Any CPU
		{DB737A58-DF9B-4D6B-964B-FE284BABAEC2}.Debug|Any CPU.ActiveCfg = Debug|Any CPU
		{DB737A58-DF9B-4D6B-964B-FE284BABAEC2}.Debug|Any CPU.Build.0 = Debug|Any CPU
		{DB737A58-DF9B-4D6B-964B-FE284BABAEC2}.Release|Any CPU.ActiveCfg = Release|Any CPU
		{DB737A58-DF9B-4D6B-964B-FE284BABAEC2}.Release|Any CPU.Build.0 = Release|Any CPU
		{ACEE2F87-2751-4DF8-9B35-0DA7B83F62A0}.Debug|Any CPU.ActiveCfg = Debug|Any CPU
		{ACEE2F87-2751-4DF8-9B35-0DA7B83F62A0}.Debug|Any CPU.Build.0 = Debug|Any CPU
		{ACEE2F87-2751-4DF8-9B35-0DA7B83F62A0}.Release|Any CPU.ActiveCfg = Release|Any CPU
		{ACEE2F87-2751-4DF8-9B35-0DA7B83F62A0}.Release|Any CPU.Build.0 = Release|Any CPU
		{D3E482F8-7DC8-4424-8B53-7B4973D6D614}.Debug|Any CPU.ActiveCfg = Debug|Any CPU
		{D3E482F8-7DC8-4424-8B53-7B4973D6D614}.Debug|Any CPU.Build.0 = Debug|Any CPU
		{D3E482F8-7DC8-4424-8B53-7B4973D6D614}.Release|Any CPU.ActiveCfg = Release|Any CPU
		{D3E482F8-7DC8-4424-8B53-7B4973D6D614}.Release|Any CPU.Build.0 = Release|Any CPU
		{0DFF5EEA-F171-4F7B-8CFE-6469A67D98EB}.Debug|Any CPU.ActiveCfg = Debug|Any CPU
		{0DFF5EEA-F171-4F7B-8CFE-6469A67D98EB}.Debug|Any CPU.Build.0 = Debug|Any CPU
		{0DFF5EEA-F171-4F7B-8CFE-6469A67D98EB}.Release|Any CPU.ActiveCfg = Release|Any CPU
		{0DFF5EEA-F171-4F7B-8CFE-6469A67D98EB}.Release|Any CPU.Build.0 = Release|Any CPU
		{B33D86FE-5BA1-427B-84D6-618F1B780EB2}.Debug|Any CPU.ActiveCfg = Debug|Any CPU
		{B33D86FE-5BA1-427B-84D6-618F1B780EB2}.Debug|Any CPU.Build.0 = Debug|Any CPU
		{B33D86FE-5BA1-427B-84D6-618F1B780EB2}.Release|Any CPU.ActiveCfg = Release|Any CPU
		{B33D86FE-5BA1-427B-84D6-618F1B780EB2}.Release|Any CPU.Build.0 = Release|Any CPU
		{C0B0B16D-EEDC-495B-B4DF-82D63637FBBF}.Debug|Any CPU.ActiveCfg = Debug|Any CPU
		{C0B0B16D-EEDC-495B-B4DF-82D63637FBBF}.Debug|Any CPU.Build.0 = Debug|Any CPU
		{C0B0B16D-EEDC-495B-B4DF-82D63637FBBF}.Release|Any CPU.ActiveCfg = Release|Any CPU
		{C0B0B16D-EEDC-495B-B4DF-82D63637FBBF}.Release|Any CPU.Build.0 = Release|Any CPU
		{4556ECCC-F764-456F-884C-0907BEAFB7D8}.Debug|Any CPU.ActiveCfg = Debug|Any CPU
		{4556ECCC-F764-456F-884C-0907BEAFB7D8}.Debug|Any CPU.Build.0 = Debug|Any CPU
		{4556ECCC-F764-456F-884C-0907BEAFB7D8}.Release|Any CPU.ActiveCfg = Release|Any CPU
		{4556ECCC-F764-456F-884C-0907BEAFB7D8}.Release|Any CPU.Build.0 = Release|Any CPU
		{057DBEA8-2B39-4F27-8327-CE07FFCDAA0C}.Debug|Any CPU.ActiveCfg = Debug|Any CPU
		{057DBEA8-2B39-4F27-8327-CE07FFCDAA0C}.Debug|Any CPU.Build.0 = Debug|Any CPU
		{057DBEA8-2B39-4F27-8327-CE07FFCDAA0C}.Release|Any CPU.ActiveCfg = Release|Any CPU
		{057DBEA8-2B39-4F27-8327-CE07FFCDAA0C}.Release|Any CPU.Build.0 = Release|Any CPU
		{B24094AB-6933-4827-BD83-33A71A295B02}.Debug|Any CPU.ActiveCfg = Debug|Any CPU
		{B24094AB-6933-4827-BD83-33A71A295B02}.Debug|Any CPU.Build.0 = Debug|Any CPU
		{B24094AB-6933-4827-BD83-33A71A295B02}.Release|Any CPU.ActiveCfg = Release|Any CPU
		{B24094AB-6933-4827-BD83-33A71A295B02}.Release|Any CPU.Build.0 = Release|Any CPU
		{1B3E9988-E8CE-45C4-AD67-927B5B48C540}.Debug|Any CPU.ActiveCfg = Debug|Any CPU
		{1B3E9988-E8CE-45C4-AD67-927B5B48C540}.Debug|Any CPU.Build.0 = Debug|Any CPU
		{1B3E9988-E8CE-45C4-AD67-927B5B48C540}.Release|Any CPU.ActiveCfg = Release|Any CPU
		{1B3E9988-E8CE-45C4-AD67-927B5B48C540}.Release|Any CPU.Build.0 = Release|Any CPU
		{487EF034-E84B-43A4-9E9B-F10779C94396}.Debug|Any CPU.ActiveCfg = Debug|Any CPU
		{487EF034-E84B-43A4-9E9B-F10779C94396}.Debug|Any CPU.Build.0 = Debug|Any CPU
		{487EF034-E84B-43A4-9E9B-F10779C94396}.Release|Any CPU.ActiveCfg = Release|Any CPU
		{487EF034-E84B-43A4-9E9B-F10779C94396}.Release|Any CPU.Build.0 = Release|Any CPU
	EndGlobalSection
	GlobalSection(SolutionProperties) = preSolution
		HideSolutionNode = FALSE
	EndGlobalSection
	GlobalSection(NestedProjects) = preSolution
		{766D2294-8900-462F-9034-0E4562286274} = {89F81A38-D2FE-4028-A83D-CFB60BF5EFEE}
		{89F81A38-D2FE-4028-A83D-CFB60BF5EFEE} = {FDDF7524-B988-41B3-BED6-BCF324FC4900}
		{DB737A58-DF9B-4D6B-964B-FE284BABAEC2} = {ABC3E82B-C9DB-43B3-B8B8-C42F573A4340}
		{69D7D75D-6168-4D72-B814-585CA8DE3B51} = {FDDF7524-B988-41B3-BED6-BCF324FC4900}
		{ACEE2F87-2751-4DF8-9B35-0DA7B83F62A0} = {69D7D75D-6168-4D72-B814-585CA8DE3B51}
		{D3E482F8-7DC8-4424-8B53-7B4973D6D614} = {89F81A38-D2FE-4028-A83D-CFB60BF5EFEE}
		{B281EFA1-7764-4FA9-8CC8-BBEA8887D94F} = {FDDF7524-B988-41B3-BED6-BCF324FC4900}
		{0DFF5EEA-F171-4F7B-8CFE-6469A67D98EB} = {B281EFA1-7764-4FA9-8CC8-BBEA8887D94F}
		{0240DA40-EA98-476E-A6EF-1FF6428E70B9} = {3C758B5E-F0D6-4E4B-A2A5-22A3BDE3065D}
		{B33D86FE-5BA1-427B-84D6-618F1B780EB2} = {0240DA40-EA98-476E-A6EF-1FF6428E70B9}
		{5BCE4F55-7D90-4ECA-88C1-94AEA450A81B} = {3C758B5E-F0D6-4E4B-A2A5-22A3BDE3065D}
		{C0B0B16D-EEDC-495B-B4DF-82D63637FBBF} = {5BCE4F55-7D90-4ECA-88C1-94AEA450A81B}
		{4556ECCC-F764-456F-884C-0907BEAFB7D8} = {5AB0907F-ABEF-4005-BA54-47F5D724E5B2}
		{8BC7EF61-6886-43AE-8546-45610FBACCC9} = {ABC3E82B-C9DB-43B3-B8B8-C42F573A4340}
		{5AB0907F-ABEF-4005-BA54-47F5D724E5B2} = {8BC7EF61-6886-43AE-8546-45610FBACCC9}
		{057DBEA8-2B39-4F27-8327-CE07FFCDAA0C} = {5AB0907F-ABEF-4005-BA54-47F5D724E5B2}
		{B24094AB-6933-4827-BD83-33A71A295B02} = {5BCE4F55-7D90-4ECA-88C1-94AEA450A81B}
		{2ACE0560-B033-44B8-9061-EF4DE4AA2D56} = {8BC7EF61-6886-43AE-8546-45610FBACCC9}
		{1B3E9988-E8CE-45C4-AD67-927B5B48C540} = {2ACE0560-B033-44B8-9061-EF4DE4AA2D56}
		{487EF034-E84B-43A4-9E9B-F10779C94396} = {2ACE0560-B033-44B8-9061-EF4DE4AA2D56}
	EndGlobalSection
	GlobalSection(ExtensibilityGlobals) = postSolution
		SolutionGuid = {3B3A85E2-E9A1-4484-AA03-5A1BB71E89EF}
	EndGlobalSection
EndGlobal
